
Microsoft Visual Studio Solution File, Format Version 12.00
# Visual Studio Version 16
VisualStudioVersion = 16.0.29613.14
MinimumVisualStudioVersion = 10.0.40219.1
Project("{FAE04EC0-301F-11D3-BF4B-00C04F79EFBC}") = "OnlineShoppingSystemWinForm", "OnlineShoppingSystemWinForm\OnlineShoppingSystemWinForm.csproj", "{930EE49A-D4C3-4FB3-9B26-9FA545B73BD6}"
EndProject
Project("{FAE04EC0-301F-11D3-BF4B-00C04F79EFBC}") = "ClassLibrary", "ClassLibrary\ClassLibrary.csproj", "{02516DCE-0AF2-42CA-BB78-5F976E983040}"
EndProject
Project("{FAE04EC0-301F-11D3-BF4B-00C04F79EFBC}") = "OnlineShoppingWebApp", "OnlineShoppingWebApp\OnlineShoppingWebApp.csproj", "{4E6EAA4E-608B-40D7-BB85-112EF6DF82F1}"
EndProject
Global
	GlobalSection(SolutionConfigurationPlatforms) = preSolution
		Debug|Any CPU = Debug|Any CPU
		Release|Any CPU = Release|Any CPU
	EndGlobalSection
	GlobalSection(ProjectConfigurationPlatforms) = postSolution
		{930EE49A-D4C3-4FB3-9B26-9FA545B73BD6}.Debug|Any CPU.ActiveCfg = Debug|Any CPU
		{930EE49A-D4C3-4FB3-9B26-9FA545B73BD6}.Debug|Any CPU.Build.0 = Debug|Any CPU
		{930EE49A-D4C3-4FB3-9B26-9FA545B73BD6}.Release|Any CPU.ActiveCfg = Release|Any CPU
		{930EE49A-D4C3-4FB3-9B26-9FA545B73BD6}.Release|Any CPU.Build.0 = Release|Any CPU
		{02516DCE-0AF2-42CA-BB78-5F976E983040}.Debug|Any CPU.ActiveCfg = Debug|Any CPU
		{02516DCE-0AF2-42CA-BB78-5F976E983040}.Debug|Any CPU.Build.0 = Debug|Any CPU
		{02516DCE-0AF2-42CA-BB78-5F976E983040}.Release|Any CPU.ActiveCfg = Release|Any CPU
		{02516DCE-0AF2-42CA-BB78-5F976E983040}.Release|Any CPU.Build.0 = Release|Any CPU
		{4E6EAA4E-608B-40D7-BB85-112EF6DF82F1}.Debug|Any CPU.ActiveCfg = Debug|Any CPU
		{4E6EAA4E-608B-40D7-BB85-112EF6DF82F1}.Debug|Any CPU.Build.0 = Debug|Any CPU
		{4E6EAA4E-608B-40D7-BB85-112EF6DF82F1}.Release|Any CPU.ActiveCfg = Release|Any CPU
		{4E6EAA4E-608B-40D7-BB85-112EF6DF82F1}.Release|Any CPU.Build.0 = Release|Any CPU
	EndGlobalSection
	GlobalSection(SolutionProperties) = preSolution
		HideSolutionNode = FALSE
	EndGlobalSection
	GlobalSection(ExtensibilityGlobals) = postSolution
		SolutionGuid = {1E8F4F19-7A0F-439B-932E-43DE4A02FF1D}
	EndGlobalSection
EndGlobal
